
Microsoft Visual Studio Solution File, Format Version 12.00
Project("{F2A71F9B-5D33-465A-A702-920D77279786}") = "Mowrer.FSWebster.CLI", "Mowrer.FSWebster.CLI\Mowrer.FSWebster.CLI.fsproj", "{1BD96453-CAA2-4ABC-943A-804F44A76558}"
EndProject
Project("{F2A71F9B-5D33-465A-A702-920D77279786}") = "Mowrer.FSWebster.Shared", "Mowrer.FSWebster.Shared\Mowrer.FSWebster.Shared.fsproj", "{1A00863F-0ACC-472E-ADC5-5710E9C7434B}"
EndProject
Global
	GlobalSection(SolutionConfigurationPlatforms) = preSolution
		Debug|Any CPU = Debug|Any CPU
		Release|Any CPU = Release|Any CPU
	EndGlobalSection
	GlobalSection(ProjectConfigurationPlatforms) = postSolution
		{1BD96453-CAA2-4ABC-943A-804F44A76558}.Debug|Any CPU.ActiveCfg = Debug|Any CPU
		{1BD96453-CAA2-4ABC-943A-804F44A76558}.Debug|Any CPU.Build.0 = Debug|Any CPU
		{1BD96453-CAA2-4ABC-943A-804F44A76558}.Release|Any CPU.ActiveCfg = Release|Any CPU
		{1BD96453-CAA2-4ABC-943A-804F44A76558}.Release|Any CPU.Build.0 = Release|Any CPU
		{1A00863F-0ACC-472E-ADC5-5710E9C7434B}.Debug|Any CPU.ActiveCfg = Debug|Any CPU
		{1A00863F-0ACC-472E-ADC5-5710E9C7434B}.Debug|Any CPU.Build.0 = Debug|Any CPU
		{1A00863F-0ACC-472E-ADC5-5710E9C7434B}.Release|Any CPU.ActiveCfg = Release|Any CPU
		{1A00863F-0ACC-472E-ADC5-5710E9C7434B}.Release|Any CPU.Build.0 = Release|Any CPU
	EndGlobalSection
EndGlobal
